
Microsoft Visual Studio Solution File, Format Version 12.00
# Visual Studio 15
VisualStudioVersion = 15.0.28307.757
MinimumVisualStudioVersion = 10.0.40219.1
Project("{9A19103F-16F7-4668-BE54-9A1E7A4F7556}") = "ProductAPI", "Production\ProductAPI.csproj", "{30840D5A-296B-46DB-BB89-A55B7AA5845F}"
EndProject
Project("{9A19103F-16F7-4668-BE54-9A1E7A4F7556}") = "Product.Core", "Product.Core\Product.Core.csproj", "{48ED3DF0-4221-467A-980C-FB567A86D9AF}"
EndProject
Project("{FAE04EC0-301F-11D3-BF4B-00C04F79EFBC}") = "ProductUI", "ProductUI\ProductUI.csproj", "{17092DE6-2D98-4913-AEEE-DA53FF767308}"
EndProject
Global
	GlobalSection(SolutionConfigurationPlatforms) = preSolution
		Debug|Any CPU = Debug|Any CPU
		Release|Any CPU = Release|Any CPU
	EndGlobalSection
	GlobalSection(ProjectConfigurationPlatforms) = postSolution
		{30840D5A-296B-46DB-BB89-A55B7AA5845F}.Debug|Any CPU.ActiveCfg = Debug|Any CPU
		{30840D5A-296B-46DB-BB89-A55B7AA5845F}.Debug|Any CPU.Build.0 = Debug|Any CPU
		{30840D5A-296B-46DB-BB89-A55B7AA5845F}.Release|Any CPU.ActiveCfg = Release|Any CPU
		{30840D5A-296B-46DB-BB89-A55B7AA5845F}.Release|Any CPU.Build.0 = Release|Any CPU
		{48ED3DF0-4221-467A-980C-FB567A86D9AF}.Debug|Any CPU.ActiveCfg = Debug|Any CPU
		{48ED3DF0-4221-467A-980C-FB567A86D9AF}.Debug|Any CPU.Build.0 = Debug|Any CPU
		{48ED3DF0-4221-467A-980C-FB567A86D9AF}.Release|Any CPU.ActiveCfg = Release|Any CPU
		{48ED3DF0-4221-467A-980C-FB567A86D9AF}.Release|Any CPU.Build.0 = Release|Any CPU
		{17092DE6-2D98-4913-AEEE-DA53FF767308}.Debug|Any CPU.ActiveCfg = Debug|Any CPU
		{17092DE6-2D98-4913-AEEE-DA53FF767308}.Debug|Any CPU.Build.0 = Debug|Any CPU
		{17092DE6-2D98-4913-AEEE-DA53FF767308}.Release|Any CPU.ActiveCfg = Release|Any CPU
		{17092DE6-2D98-4913-AEEE-DA53FF767308}.Release|Any CPU.Build.0 = Release|Any CPU
	EndGlobalSection
	GlobalSection(SolutionProperties) = preSolution
		HideSolutionNode = FALSE
	EndGlobalSection
	GlobalSection(ExtensibilityGlobals) = postSolution
		SolutionGuid = {9EAD7939-2E58-41C7-908E-2B1EBC34F3FC}
	EndGlobalSection
EndGlobal
